{
  "version": 4,
  "terraform_version": "1.1.4",
  "serial": 1,
  "lineage": "54c5d2b8-4107-8638-bbc4-4b3273b48c0e",
  "outputs": {},
  "resources": [
    {
      "mode": "managed",
      "type": "aws_vpc",
      "name": "amazonvpc",
      "provider": "provider[\"registry.terraform.io/hashicorp/aws\"]",
      "instances": [
        {
          "schema_version": 1,
          "attributes": {
            "arn": "arn:aws:ec2:us-east-1:431617346510:vpc/vpc-0f8d413d2aee2436b",
            "assign_generated_ipv6_cidr_block": false,
            "cidr_block": "10.0.0.0/16",
            "default_network_acl_id": "acl-0ee33157dbb30cced",
            "default_route_table_id": "rtb-0a53e36102cddae87",
            "default_security_group_id": "sg-024f9ac377d837b95",
            "dhcp_options_id": "dopt-038856f3c974d45da",
            "enable_classiclink": false,
            "enable_classiclink_dns_support": false,
            "enable_dns_hostnames": false,
            "enable_dns_support": true,
            "id": "vpc-0f8d413d2aee2436b",
            "instance_tenancy": "default",
            "ipv4_ipam_pool_id": null,
            "ipv4_netmask_length": null,
            "ipv6_association_id": "",
            "ipv6_cidr_block": "",
            "ipv6_cidr_block_network_border_group": "",
            "ipv6_ipam_pool_id": "",
            "ipv6_netmask_length": 0,
            "main_route_table_id": "rtb-0a53e36102cddae87",
            "owner_id": "431617346510",
            "tags": {
              "Name": "amazon"
            },
            "tags_all": {
              "Name": "amazon"
            }
          },
          "sensitive_attributes": [],
          "private": "eyJzY2hlbWFfdmVyc2lvbiI6IjEifQ=="
        }
      ]
    }
  ]
}
